
Microsoft Visual Studio Solution File, Format Version 12.00
# Visual Studio 15
Project("{FAE04EC0-301F-11D3-BF4B-00C04F79EFBC}") = "Atez.Personal.Api", "Atez.Personal.Api\Atez.Personal.Api.csproj", "{A6971391-3390-4C5A-83C2-2C54C3F47338}"
EndProject
Global
	GlobalSection(SolutionConfigurationPlatforms) = preSolution
		Debug|Any CPU = Debug|Any CPU
		Release|Any CPU = Release|Any CPU
	EndGlobalSection
	GlobalSection(ProjectConfigurationPlatforms) = postSolution
		{A6971391-3390-4C5A-83C2-2C54C3F47338}.Debug|Any CPU.ActiveCfg = Debug|Any CPU
		{A6971391-3390-4C5A-83C2-2C54C3F47338}.Debug|Any CPU.Build.0 = Debug|Any CPU
		{A6971391-3390-4C5A-83C2-2C54C3F47338}.Release|Any CPU.ActiveCfg = Release|Any CPU
		{A6971391-3390-4C5A-83C2-2C54C3F47338}.Release|Any CPU.Build.0 = Release|Any CPU
	EndGlobalSection
EndGlobal
